// !$*UTF8*$!
{
	archiveVersion = 1;
	classes = {
	};
	objectVersion = 46;
	objects = {

/* Begin PBXBuildFile section */
		C17F79E8163C4F3F0091942D /* LibraryViewController.m in Sources */ = {isa = PBXBuildFile; fileRef = C17F79E6163C4F3F0091942D /* LibraryViewController.m */; };
		C17F79E9163C4F3F0091942D /* LibraryViewController.xib in Resources */ = {isa = PBXBuildFile; fileRef = C17F79E7163C4F3F0091942D /* LibraryViewController.xib */; };
		C17F79F1163C566B0091942D /* BookTOCViewController.m in Sources */ = {isa = PBXBuildFile; fileRef = C17F79EF163C566B0091942D /* BookTOCViewController.m */; };
		C17F79F2163C566B0091942D /* BookTOCViewController.xib in Resources */ = {isa = PBXBuildFile; fileRef = C17F79F0163C566B0091942D /* BookTOCViewController.xib */; };
		C17F79F6163C56DD0091942D /* ReadingViewController.m in Sources */ = {isa = PBXBuildFile; fileRef = C17F79F4163C56DD0091942D /* ReadingViewController.m */; };
		C17F79F7163C56DD0091942D /* ReadingViewController.xib in Resources */ = {isa = PBXBuildFile; fileRef = C17F79F5163C56DD0091942D /* ReadingViewController.xib */; };
		C17F79FB163C56F70091942D /* SummaryViewController.m in Sources */ = {isa = PBXBuildFile; fileRef = C17F79F9163C56F70091942D /* SummaryViewController.m */; };
		C17F79FC163C56F70091942D /* SummaryViewController.xib in Resources */ = {isa = PBXBuildFile; fileRef = C17F79FA163C56F70091942D /* SummaryViewController.xib */; };
		C17F7A01163C62790091942D /* 2011-03-08 15.28.39.jpg in Resources */ = {isa = PBXBuildFile; fileRef = C17F7A00163C62790091942D /* 2011-03-08 15.28.39.jpg */; };
		C1A2A986163D5781001E6219 /* AddEntryViewController.m in Sources */ = {isa = PBXBuildFile; fileRef = C1A2A984163D5781001E6219 /* AddEntryViewController.m */; };
		C1A2A987163D5781001E6219 /* AddEntryViewController.xib in Resources */ = {isa = PBXBuildFile; fileRef = C1A2A985163D5781001E6219 /* AddEntryViewController.xib */; };
		D466EBF5163C860500BF7FDA /* 156565942time-machine.png in Resources */ = {isa = PBXBuildFile; fileRef = D466EBB7163C860500BF7FDA /* 156565942time-machine.png */; };
		D466EBF6163C860500BF7FDA /* 626823951humphry-clinker.png in Resources */ = {isa = PBXBuildFile; fileRef = D466EBB8163C860500BF7FDA /* 626823951humphry-clinker.png */; };
		D466EBF7163C860500BF7FDA /* 902722694where-angels-fear-to-tread.png in Resources */ = {isa = PBXBuildFile; fileRef = D466EBB9163C860500BF7FDA /* 902722694where-angels-fear-to-tread.png */; };
		D466EBF8163C860500BF7FDA /* 9780141973746.png in Resources */ = {isa = PBXBuildFile; fileRef = D466EBBA163C860500BF7FDA /* 9780141973746.png */; };
		D466EBF9163C860500BF7FDA /* 9780141973753.png in Resources */ = {isa = PBXBuildFile; fileRef = D466EBBB163C860500BF7FDA /* 9780141973753.png */; };
		D466EBFA163C860500BF7FDA /* 9780141973760.png in Resources */ = {isa = PBXBuildFile; fileRef = D466EBBC163C860500BF7FDA /* 9780141973760.png */; };
		D466EBFB163C860500BF7FDA /* 9780141973777.png in Resources */ = {isa = PBXBuildFile; fileRef = D466EBBD163C860500BF7FDA /* 9780141973777.png */; };
		D466EBFC163C860500BF7FDA /* 9780141973784.png in Resources */ = {isa = PBXBuildFile; fileRef = D466EBBE163C860500BF7FDA /* 9780141973784.png */; };
		D466EBFD163C860500BF7FDA /* 9780141973791.png in Resources */ = {isa = PBXBuildFile; fileRef = D466EBBF163C860500BF7FDA /* 9780141973791.png */; };
		D466EBFE163C860500BF7FDA /* 9780141973807.png in Resources */ = {isa = PBXBuildFile; fileRef = D466EBC0163C860500BF7FDA /* 9780141973807.png */; };
		D466EBFF163C860500BF7FDA /* 9780141973838.png in Resources */ = {isa = PBXBuildFile; fileRef = D466EBC1163C860500BF7FDA /* 9780141973838.png */; };
		D466EC00163C860500BF7FDA /* 9780141973845.png in Resources */ = {isa = PBXBuildFile; fileRef = D466EBC2163C860500BF7FDA /* 9780141973845.png */; };
		D466EC01163C860500BF7FDA /* 9780141973852.png in Resources */ = {isa = PBXBuildFile; fileRef = D466EBC3163C860500BF7FDA /* 9780141973852.png */; };
		D466EC02163C860500BF7FDA /* 9780141973869.png in Resources */ = {isa = PBXBuildFile; fileRef = D466EBC4163C860500BF7FDA /* 9780141973869.png */; };
		D466EC03163C860500BF7FDA /* 9780141973876.png in Resources */ = {isa = PBXBuildFile; fileRef = D466EBC5163C860500BF7FDA /* 9780141973876.png */; };
		D466EC04163C860500BF7FDA /* 9780141973883.png in Resources */ = {isa = PBXBuildFile; fileRef = D466EBC6163C860500BF7FDA /* 9780141973883.png */; };
		D466EC05163C860500BF7FDA /* 9780141973890.png in Resources */ = {isa = PBXBuildFile; fileRef = D466EBC7163C860500BF7FDA /* 9780141973890.png */; };
		D466EC06163C860500BF7FDA /* 9780141974187.png in Resources */ = {isa = PBXBuildFile; fileRef = D466EBC8163C860500BF7FDA /* 9780141974187.png */; };
		D466EC07163C860500BF7FDA /* 9780141974194.png in Resources */ = {isa = PBXBuildFile; fileRef = D466EBC9163C860500BF7FDA /* 9780141974194.png */; };
		D466EC08163C860500BF7FDA /* 9780141974217.png in Resources */ = {isa = PBXBuildFile; fileRef = D466EBCA163C860500BF7FDA /* 9780141974217.png */; };
		D466EC09163C860500BF7FDA /* 9780141974286.png in Resources */ = {isa = PBXBuildFile; fileRef = D466EBCB163C860500BF7FDA /* 9780141974286.png */; };
		D466EC0A163C860500BF7FDA /* 9780141974323.png in Resources */ = {isa = PBXBuildFile; fileRef = D466EBCC163C860500BF7FDA /* 9780141974323.png */; };
		D466EC0B163C860500BF7FDA /* 9780141974330.png in Resources */ = {isa = PBXBuildFile; fileRef = D466EBCD163C860500BF7FDA /* 9780141974330.png */; };
		D466EC0C163C860500BF7FDA /* 9780141974354.png in Resources */ = {isa = PBXBuildFile; fileRef = D466EBCE163C860500BF7FDA /* 9780141974354.png */; };
		D466EC0D163C860500BF7FDA /* 9780141974378.png in Resources */ = {isa = PBXBuildFile; fileRef = D466EBCF163C860500BF7FDA /* 9780141974378.png */; };
		D466EC0E163C860500BF7FDA /* 9780141974385.png in Resources */ = {isa = PBXBuildFile; fileRef = D466EBD0163C860500BF7FDA /* 9780141974385.png */; };
		D466EC0F163C860500BF7FDA /* 9780141974408.png in Resources */ = {isa = PBXBuildFile; fileRef = D466EBD1163C860500BF7FDA /* 9780141974408.png */; };
		D466EC10163C860500BF7FDA /* 9780141974422.png in Resources */ = {isa = PBXBuildFile; fileRef = D466EBD2163C860500BF7FDA /* 9780141974422.png */; };
		D466EC11163C860500BF7FDA /* 9780141974439.png in Resources */ = {isa = PBXBuildFile; fileRef = D466EBD3163C860500BF7FDA /* 9780141974439.png */; };
		D466EC12163C860500BF7FDA /* 9780141974446.png in Resources */ = {isa = PBXBuildFile; fileRef = D466EBD4163C860500BF7FDA /* 9780141974446.png */; };
		D466EC13163C860500BF7FDA /* 9780141974460.png in Resources */ = {isa = PBXBuildFile; fileRef = D466EBD5163C860500BF7FDA /* 9780141974460.png */; };
		D466EC14163C860500BF7FDA /* 9780141974484.png in Resources */ = {isa = PBXBuildFile; fileRef = D466EBD6163C860500BF7FDA /* 9780141974484.png */; };
		D466EC15163C860500BF7FDA /* 9780141974491.png in Resources */ = {isa = PBXBuildFile; fileRef = D466EBD7163C860500BF7FDA /* 9780141974491.png */; };
		D466EC16163C860500BF7FDA /* 9780141974507.png in Resources */ = {isa = PBXBuildFile; fileRef = D466EBD8163C860500BF7FDA /* 9780141974507.png */; };
		D466EC17163C860500BF7FDA /* 9780141974514.png in Resources */ = {isa = PBXBuildFile; fileRef = D466EBD9163C860500BF7FDA /* 9780141974514.png */; };
		D466EC18163C860500BF7FDA /* 9780141974521.png in Resources */ = {isa = PBXBuildFile; fileRef = D466EBDA163C860500BF7FDA /* 9780141974521.png */; };
		D466EC19163C860500BF7FDA /* 9780141974538.png in Resources */ = {isa = PBXBuildFile; fileRef = D466EBDB163C860500BF7FDA /* 9780141974538.png */; };
		D466EC1A163C860500BF7FDA /* 9780141974545.png in Resources */ = {isa = PBXBuildFile; fileRef = D466EBDC163C860500BF7FDA /* 9780141974545.png */; };
		D466EC1B163C860500BF7FDA /* 9780141974552.png in Resources */ = {isa = PBXBuildFile; fileRef = D466EBDD163C860500BF7FDA /* 9780141974552.png */; };
		D466EC1C163C860500BF7FDA /* 9780141974569.png in Resources */ = {isa = PBXBuildFile; fileRef = D466EBDE163C860500BF7FDA /* 9780141974569.png */; };
		D466EC1D163C860500BF7FDA /* 9780141974576.png in Resources */ = {isa = PBXBuildFile; fileRef = D466EBDF163C860500BF7FDA /* 9780141974576.png */; };
		D466EC1E163C860500BF7FDA /* 9780141974583.png in Resources */ = {isa = PBXBuildFile; fileRef = D466EBE0163C860500BF7FDA /* 9780141974583.png */; };
		D466EC1F163C860500BF7FDA /* 9780141974590.png in Resources */ = {isa = PBXBuildFile; fileRef = D466EBE1163C860500BF7FDA /* 9780141974590.png */; };
		D466EC20163C860500BF7FDA /* 9780141974606.png in Resources */ = {isa = PBXBuildFile; fileRef = D466EBE2163C860500BF7FDA /* 9780141974606.png */; };
		D466EC21163C860500BF7FDA /* 9780141974613.png in Resources */ = {isa = PBXBuildFile; fileRef = D466EBE3163C860500BF7FDA /* 9780141974613.png */; };
		D466EC22163C860500BF7FDA /* 9780141974620.png in Resources */ = {isa = PBXBuildFile; fileRef = D466EBE4163C860500BF7FDA /* 9780141974620.png */; };
		D466EC23163C860500BF7FDA /* 9780141974651.png in Resources */ = {isa = PBXBuildFile; fileRef = D466EBE5163C860500BF7FDA /* 9780141974651.png */; };
		D466EC24163C860500BF7FDA /* 9780141974668.png in Resources */ = {isa = PBXBuildFile; fileRef = D466EBE6163C860500BF7FDA /* 9780141974668.png */; };
		D466EC25163C860500BF7FDA /* 9780141974699.png in Resources */ = {isa = PBXBuildFile; fileRef = D466EBE7163C860500BF7FDA /* 9780141974699.png */; };
		D466EC26163C860500BF7FDA /* 9780141974705.png in Resources */ = {isa = PBXBuildFile; fileRef = D466EBE8163C860500BF7FDA /* 9780141974705.png */; };
		D466EC27163C860500BF7FDA /* 9780141974712.png in Resources */ = {isa = PBXBuildFile; fileRef = D466EBE9163C860500BF7FDA /* 9780141974712.png */; };
		D466EC28163C860500BF7FDA /* alice in wonderland cover image.png in Resources */ = {isa = PBXBuildFile; fileRef = D466EBEA163C860500BF7FDA /* alice in wonderland cover image.png */; };
		D466EC29163C860500BF7FDA /* barnaby rudge cover image.png in Resources */ = {isa = PBXBuildFile; fileRef = D466EBEB163C860500BF7FDA /* barnaby rudge cover image.png */; };
		D466EC2A163C860500BF7FDA /* howards-end.png in Resources */ = {isa = PBXBuildFile; fileRef = D466EBEC163C860500BF7FDA /* howards-end.png */; };
		D466EC2B163C860500BF7FDA /* lady-audleys-secret.png in Resources */ = {isa = PBXBuildFile; fileRef = D466EBED163C860500BF7FDA /* lady-audleys-secret.png */; };
		D466EC2C163C860500BF7FDA /* mary barton cover image.png in Resources */ = {isa = PBXBuildFile; fileRef = D466EBEE163C860500BF7FDA /* mary barton cover image.png */; };
		D466EC2D163C860500BF7FDA /* persuasion.png in Resources */ = {isa = PBXBuildFile; fileRef = D466EBEF163C860500BF7FDA /* persuasion.png */; };
		D466EC2E163C860500BF7FDA /* The old curiosity shop cover image.png in Resources */ = {isa = PBXBuildFile; fileRef = D466EBF0163C860500BF7FDA /* The old curiosity shop cover image.png */; };
		D466EC2F163C860500BF7FDA /* the-confidence-man.png in Resources */ = {isa = PBXBuildFile; fileRef = D466EBF1163C860500BF7FDA /* the-confidence-man.png */; };
		D466EC30163C860500BF7FDA /* tom jones cover image.png in Resources */ = {isa = PBXBuildFile; fileRef = D466EBF2163C860500BF7FDA /* tom jones cover image.png */; };
		D466EC31163C860500BF7FDA /* two-on-a-tower.png in Resources */ = {isa = PBXBuildFile; fileRef = D466EBF3163C860500BF7FDA /* two-on-a-tower.png */; };
		D466EC32163C860500BF7FDA /* war-of-the-worlds.png in Resources */ = {isa = PBXBuildFile; fileRef = D466EBF4163C860500BF7FDA /* war-of-the-worlds.png */; };
		D466EC36163C8DF000BF7FDA /* Decoration.png in Resources */ = {isa = PBXBuildFile; fileRef = D466EC34163C8DF000BF7FDA /* Decoration.png */; };
		D466EC37163C8DF000BF7FDA /* Decoration@2x.png in Resources */ = {isa = PBXBuildFile; fileRef = D466EC35163C8DF000BF7FDA /* Decoration@2x.png */; };
		D466EC39163D172C00BF7FDA /* greenFabric.png in Resources */ = {isa = PBXBuildFile; fileRef = D466EC38163D172C00BF7FDA /* greenFabric.png */; };
		D466EC3B163D184D00BF7FDA /* greenFabric@2x.png in Resources */ = {isa = PBXBuildFile; fileRef = D466EC3A163D184D00BF7FDA /* greenFabric@2x.png */; };
		D466EC40163D1CDC00BF7FDA /* icon.png in Resources */ = {isa = PBXBuildFile; fileRef = D466EC3C163D1CDC00BF7FDA /* icon.png */; };
		D466EC41163D1CDC00BF7FDA /* icon@2x.png in Resources */ = {isa = PBXBuildFile; fileRef = D466EC3D163D1CDC00BF7FDA /* icon@2x.png */; };
		D466EC45163D1CFC00BF7FDA /* Default-Landscape@2x~ipad.png in Resources */ = {isa = PBXBuildFile; fileRef = D466EC44163D1CFC00BF7FDA /* Default-Landscape@2x~ipad.png */; };
		D466EC47163D1D0F00BF7FDA /* Default-Landscape~ipad.png in Resources */ = {isa = PBXBuildFile; fileRef = D466EC46163D1D0F00BF7FDA /* Default-Landscape~ipad.png */; };
		D466EC49163D42AB00BF7FDA /* text.html in Resources */ = {isa = PBXBuildFile; fileRef = D466EC48163D42AB00BF7FDA /* text.html */; };
		D49CA585163BF595000EEF12 /* UIKit.framework in Frameworks */ = {isa = PBXBuildFile; fileRef = D49CA584163BF595000EEF12 /* UIKit.framework */; };
		D49CA587163BF595000EEF12 /* Foundation.framework in Frameworks */ = {isa = PBXBuildFile; fileRef = D49CA586163BF595000EEF12 /* Foundation.framework */; };
		D49CA589163BF595000EEF12 /* CoreGraphics.framework in Frameworks */ = {isa = PBXBuildFile; fileRef = D49CA588163BF595000EEF12 /* CoreGraphics.framework */; };
		D49CA58F163BF595000EEF12 /* InfoPlist.strings in Resources */ = {isa = PBXBuildFile; fileRef = D49CA58D163BF595000EEF12 /* InfoPlist.strings */; };
		D49CA591163BF595000EEF12 /* main.m in Sources */ = {isa = PBXBuildFile; fileRef = D49CA590163BF595000EEF12 /* main.m */; };
		D49CA595163BF595000EEF12 /* HKAppDelegate.m in Sources */ = {isa = PBXBuildFile; fileRef = D49CA594163BF595000EEF12 /* HKAppDelegate.m */; };
		D49CA597163BF595000EEF12 /* Default.png in Resources */ = {isa = PBXBuildFile; fileRef = D49CA596163BF595000EEF12 /* Default.png */; };
		D49CA599163BF595000EEF12 /* Default@2x.png in Resources */ = {isa = PBXBuildFile; fileRef = D49CA598163BF595000EEF12 /* Default@2x.png */; };
		D49CA59B163BF595000EEF12 /* Default-568h@2x.png in Resources */ = {isa = PBXBuildFile; fileRef = D49CA59A163BF595000EEF12 /* Default-568h@2x.png */; };
/* End PBXBuildFile section */

/* Begin PBXFileReference section */
		C17F79E5163C4F3F0091942D /* LibraryViewController.h */ = {isa = PBXFileReference; fileEncoding = 4; lastKnownFileType = sourcecode.c.h; path = LibraryViewController.h; sourceTree = "<group>"; };
		C17F79E6163C4F3F0091942D /* LibraryViewController.m */ = {isa = PBXFileReference; fileEncoding = 4; lastKnownFileType = sourcecode.c.objc; path = LibraryViewController.m; sourceTree = "<group>"; };
		C17F79E7163C4F3F0091942D /* LibraryViewController.xib */ = {isa = PBXFileReference; fileEncoding = 4; lastKnownFileType = file.xib; path = LibraryViewController.xib; sourceTree = "<group>"; };
		C17F79EE163C566B0091942D /* BookTOCViewController.h */ = {isa = PBXFileReference; fileEncoding = 4; lastKnownFileType = sourcecode.c.h; path = BookTOCViewController.h; sourceTree = "<group>"; };
		C17F79EF163C566B0091942D /* BookTOCViewController.m */ = {isa = PBXFileReference; fileEncoding = 4; lastKnownFileType = sourcecode.c.objc; path = BookTOCViewController.m; sourceTree = "<group>"; };
		C17F79F0163C566B0091942D /* BookTOCViewController.xib */ = {isa = PBXFileReference; fileEncoding = 4; lastKnownFileType = file.xib; path = BookTOCViewController.xib; sourceTree = "<group>"; };
		C17F79F3163C56DD0091942D /* ReadingViewController.h */ = {isa = PBXFileReference; fileEncoding = 4; lastKnownFileType = sourcecode.c.h; path = ReadingViewController.h; sourceTree = "<group>"; };
		C17F79F4163C56DD0091942D /* ReadingViewController.m */ = {isa = PBXFileReference; fileEncoding = 4; lastKnownFileType = sourcecode.c.objc; path = ReadingViewController.m; sourceTree = "<group>"; };
		C17F79F5163C56DD0091942D /* ReadingViewController.xib */ = {isa = PBXFileReference; fileEncoding = 4; lastKnownFileType = file.xib; path = ReadingViewController.xib; sourceTree = "<group>"; };
		C17F79F8163C56F60091942D /* SummaryViewController.h */ = {isa = PBXFileReference; fileEncoding = 4; lastKnownFileType = sourcecode.c.h; path = SummaryViewController.h; sourceTree = "<group>"; };
		C17F79F9163C56F70091942D /* SummaryViewController.m */ = {isa = PBXFileReference; fileEncoding = 4; lastKnownFileType = sourcecode.c.objc; path = SummaryViewController.m; sourceTree = "<group>"; };
		C17F79FA163C56F70091942D /* SummaryViewController.xib */ = {isa = PBXFileReference; fileEncoding = 4; lastKnownFileType = file.xib; path = SummaryViewController.xib; sourceTree = "<group>"; };
		C17F7A00163C62790091942D /* 2011-03-08 15.28.39.jpg */ = {isa = PBXFileReference; lastKnownFileType = image.jpeg; path = "2011-03-08 15.28.39.jpg"; sourceTree = "<group>"; };
		C1A2A983163D5781001E6219 /* AddEntryViewController.h */ = {isa = PBXFileReference; fileEncoding = 4; lastKnownFileType = sourcecode.c.h; path = AddEntryViewController.h; sourceTree = "<group>"; };
		C1A2A984163D5781001E6219 /* AddEntryViewController.m */ = {isa = PBXFileReference; fileEncoding = 4; lastKnownFileType = sourcecode.c.objc; path = AddEntryViewController.m; sourceTree = "<group>"; };
		C1A2A985163D5781001E6219 /* AddEntryViewController.xib */ = {isa = PBXFileReference; fileEncoding = 4; lastKnownFileType = file.xib; path = AddEntryViewController.xib; sourceTree = "<group>"; };
		D466EBB7163C860500BF7FDA /* 156565942time-machine.png */ = {isa = PBXFileReference; lastKnownFileType = image.png; path = "156565942time-machine.png"; sourceTree = "<group>"; };
		D466EBB8163C860500BF7FDA /* 626823951humphry-clinker.png */ = {isa = PBXFileReference; lastKnownFileType = image.png; path = "626823951humphry-clinker.png"; sourceTree = "<group>"; };
		D466EBB9163C860500BF7FDA /* 902722694where-angels-fear-to-tread.png */ = {isa = PBXFileReference; lastKnownFileType = image.png; path = "902722694where-angels-fear-to-tread.png"; sourceTree = "<group>"; };
		D466EBBA163C860500BF7FDA /* 9780141973746.png */ = {isa = PBXFileReference; lastKnownFileType = image.png; path = 9780141973746.png; sourceTree = "<group>"; };
		D466EBBB163C860500BF7FDA /* 9780141973753.png */ = {isa = PBXFileReference; lastKnownFileType = image.png; path = 9780141973753.png; sourceTree = "<group>"; };
		D466EBBC163C860500BF7FDA /* 9780141973760.png */ = {isa = PBXFileReference; lastKnownFileType = image.png; path = 9780141973760.png; sourceTree = "<group>"; };
		D466EBBD163C860500BF7FDA /* 9780141973777.png */ = {isa = PBXFileReference; lastKnownFileType = image.png; path = 9780141973777.png; sourceTree = "<group>"; };
		D466EBBE163C860500BF7FDA /* 9780141973784.png */ = {isa = PBXFileReference; lastKnownFileType = image.png; path = 9780141973784.png; sourceTree = "<group>"; };
		D466EBBF163C860500BF7FDA /* 9780141973791.png */ = {isa = PBXFileReference; lastKnownFileType = image.png; path = 9780141973791.png; sourceTree = "<group>"; };
		D466EBC0163C860500BF7FDA /* 9780141973807.png */ = {isa = PBXFileReference; lastKnownFileType = image.png; path = 9780141973807.png; sourceTree = "<group>"; };
		D466EBC1163C860500BF7FDA /* 9780141973838.png */ = {isa = PBXFileReference; lastKnownFileType = image.png; path = 9780141973838.png; sourceTree = "<group>"; };
		D466EBC2163C860500BF7FDA /* 9780141973845.png */ = {isa = PBXFileReference; lastKnownFileType = image.png; path = 9780141973845.png; sourceTree = "<group>"; };
		D466EBC3163C860500BF7FDA /* 9780141973852.png */ = {isa = PBXFileReference; lastKnownFileType = image.png; path = 9780141973852.png; sourceTree = "<group>"; };
		D466EBC4163C860500BF7FDA /* 9780141973869.png */ = {isa = PBXFileReference; lastKnownFileType = image.png; path = 9780141973869.png; sourceTree = "<group>"; };
		D466EBC5163C860500BF7FDA /* 9780141973876.png */ = {isa = PBXFileReference; lastKnownFileType = image.png; path = 9780141973876.png; sourceTree = "<group>"; };
		D466EBC6163C860500BF7FDA /* 9780141973883.png */ = {isa = PBXFileReference; lastKnownFileType = image.png; path = 9780141973883.png; sourceTree = "<group>"; };
		D466EBC7163C860500BF7FDA /* 9780141973890.png */ = {isa = PBXFileReference; lastKnownFileType = image.png; path = 9780141973890.png; sourceTree = "<group>"; };
		D466EBC8163C860500BF7FDA /* 9780141974187.png */ = {isa = PBXFileReference; lastKnownFileType = image.png; path = 9780141974187.png; sourceTree = "<group>"; };
		D466EBC9163C860500BF7FDA /* 9780141974194.png */ = {isa = PBXFileReference; lastKnownFileType = image.png; path = 9780141974194.png; sourceTree = "<group>"; };
		D466EBCA163C860500BF7FDA /* 9780141974217.png */ = {isa = PBXFileReference; lastKnownFileType = image.png; path = 9780141974217.png; sourceTree = "<group>"; };
		D466EBCB163C860500BF7FDA /* 9780141974286.png */ = {isa = PBXFileReference; lastKnownFileType = image.png; path = 9780141974286.png; sourceTree = "<group>"; };
		D466EBCC163C860500BF7FDA /* 9780141974323.png */ = {isa = PBXFileReference; lastKnownFileType = image.png; path = 9780141974323.png; sourceTree = "<group>"; };
		D466EBCD163C860500BF7FDA /* 9780141974330.png */ = {isa = PBXFileReference; lastKnownFileType = image.png; path = 9780141974330.png; sourceTree = "<group>"; };
		D466EBCE163C860500BF7FDA /* 9780141974354.png */ = {isa = PBXFileReference; lastKnownFileType = image.png; path = 9780141974354.png; sourceTree = "<group>"; };
		D466EBCF163C860500BF7FDA /* 9780141974378.png */ = {isa = PBXFileReference; lastKnownFileType = image.png; path = 9780141974378.png; sourceTree = "<group>"; };
		D466EBD0163C860500BF7FDA /* 9780141974385.png */ = {isa = PBXFileReference; lastKnownFileType = image.png; path = 9780141974385.png; sourceTree = "<group>"; };
		D466EBD1163C860500BF7FDA /* 9780141974408.png */ = {isa = PBXFileReference; lastKnownFileType = image.png; path = 9780141974408.png; sourceTree = "<group>"; };
		D466EBD2163C860500BF7FDA /* 9780141974422.png */ = {isa = PBXFileReference; lastKnownFileType = image.png; path = 9780141974422.png; sourceTree = "<group>"; };
		D466EBD3163C860500BF7FDA /* 9780141974439.png */ = {isa = PBXFileReference; lastKnownFileType = image.png; path = 9780141974439.png; sourceTree = "<group>"; };
		D466EBD4163C860500BF7FDA /* 9780141974446.png */ = {isa = PBXFileReference; lastKnownFileType = image.png; path = 9780141974446.png; sourceTree = "<group>"; };
		D466EBD5163C860500BF7FDA /* 9780141974460.png */ = {isa = PBXFileReference; lastKnownFileType = image.png; path = 9780141974460.png; sourceTree = "<group>"; };
		D466EBD6163C860500BF7FDA /* 9780141974484.png */ = {isa = PBXFileReference; lastKnownFileType = image.png; path = 9780141974484.png; sourceTree = "<group>"; };
		D466EBD7163C860500BF7FDA /* 9780141974491.png */ = {isa = PBXFileReference; lastKnownFileType = image.png; path = 9780141974491.png; sourceTree = "<group>"; };
		D466EBD8163C860500BF7FDA /* 9780141974507.png */ = {isa = PBXFileReference; lastKnownFileType = image.png; path = 9780141974507.png; sourceTree = "<group>"; };
		D466EBD9163C860500BF7FDA /* 9780141974514.png */ = {isa = PBXFileReference; lastKnownFileType = image.png; path = 9780141974514.png; sourceTree = "<group>"; };
		D466EBDA163C860500BF7FDA /* 9780141974521.png */ = {isa = PBXFileReference; lastKnownFileType = image.png; path = 9780141974521.png; sourceTree = "<group>"; };
		D466EBDB163C860500BF7FDA /* 9780141974538.png */ = {isa = PBXFileReference; lastKnownFileType = image.png; path = 9780141974538.png; sourceTree = "<group>"; };
		D466EBDC163C860500BF7FDA /* 9780141974545.png */ = {isa = PBXFileReference; lastKnownFileType = image.png; path = 9780141974545.png; sourceTree = "<group>"; };
		D466EBDD163C860500BF7FDA /* 9780141974552.png */ = {isa = PBXFileReference; lastKnownFileType = image.png; path = 9780141974552.png; sourceTree = "<group>"; };
		D466EBDE163C860500BF7FDA /* 9780141974569.png */ = {isa = PBXFileReference; lastKnownFileType = image.png; path = 9780141974569.png; sourceTree = "<group>"; };
		D466EBDF163C860500BF7FDA /* 9780141974576.png */ = {isa = PBXFileReference; lastKnownFileType = image.png; path = 9780141974576.png; sourceTree = "<group>"; };
		D466EBE0163C860500BF7FDA /* 9780141974583.png */ = {isa = PBXFileReference; lastKnownFileType = image.png; path = 9780141974583.png; sourceTree = "<group>"; };
		D466EBE1163C860500BF7FDA /* 9780141974590.png */ = {isa = PBXFileReference; lastKnownFileType = image.png; path = 9780141974590.png; sourceTree = "<group>"; };
		D466EBE2163C860500BF7FDA /* 9780141974606.png */ = {isa = PBXFileReference; lastKnownFileType = image.png; path = 9780141974606.png; sourceTree = "<group>"; };
		D466EBE3163C860500BF7FDA /* 9780141974613.png */ = {isa = PBXFileReference; lastKnownFileType = image.png; path = 9780141974613.png; sourceTree = "<group>"; };
		D466EBE4163C860500BF7FDA /* 9780141974620.png */ = {isa = PBXFileReference; lastKnownFileType = image.png; path = 9780141974620.png; sourceTree = "<group>"; };
		D466EBE5163C860500BF7FDA /* 9780141974651.png */ = {isa = PBXFileReference; lastKnownFileType = image.png; path = 9780141974651.png; sourceTree = "<group>"; };
		D466EBE6163C860500BF7FDA /* 9780141974668.png */ = {isa = PBXFileReference; lastKnownFileType = image.png; path = 9780141974668.png; sourceTree = "<group>"; };
		D466EBE7163C860500BF7FDA /* 9780141974699.png */ = {isa = PBXFileReference; lastKnownFileType = image.png; path = 9780141974699.png; sourceTree = "<group>"; };
		D466EBE8163C860500BF7FDA /* 9780141974705.png */ = {isa = PBXFileReference; lastKnownFileType = image.png; path = 9780141974705.png; sourceTree = "<group>"; };
		D466EBE9163C860500BF7FDA /* 9780141974712.png */ = {isa = PBXFileReference; lastKnownFileType = image.png; path = 9780141974712.png; sourceTree = "<group>"; };
		D466EBEA163C860500BF7FDA /* alice in wonderland cover image.png */ = {isa = PBXFileReference; lastKnownFileType = image.png; path = "alice in wonderland cover image.png"; sourceTree = "<group>"; };
		D466EBEB163C860500BF7FDA /* barnaby rudge cover image.png */ = {isa = PBXFileReference; lastKnownFileType = image.png; path = "barnaby rudge cover image.png"; sourceTree = "<group>"; };
		D466EBEC163C860500BF7FDA /* howards-end.png */ = {isa = PBXFileReference; lastKnownFileType = image.png; path = "howards-end.png"; sourceTree = "<group>"; };
		D466EBED163C860500BF7FDA /* lady-audleys-secret.png */ = {isa = PBXFileReference; lastKnownFileType = image.png; path = "lady-audleys-secret.png"; sourceTree = "<group>"; };
		D466EBEE163C860500BF7FDA /* mary barton cover image.png */ = {isa = PBXFileReference; lastKnownFileType = image.png; path = "mary barton cover image.png"; sourceTree = "<group>"; };
		D466EBEF163C860500BF7FDA /* persuasion.png */ = {isa = PBXFileReference; lastKnownFileType = image.png; path = persuasion.png; sourceTree = "<group>"; };
		D466EBF0163C860500BF7FDA /* The old curiosity shop cover image.png */ = {isa = PBXFileReference; lastKnownFileType = image.png; path = "The old curiosity shop cover image.png"; sourceTree = "<group>"; };
		D466EBF1163C860500BF7FDA /* the-confidence-man.png */ = {isa = PBXFileReference; lastKnownFileType = image.png; path = "the-confidence-man.png"; sourceTree = "<group>"; };
		D466EBF2163C860500BF7FDA /* tom jones cover image.png */ = {isa = PBXFileReference; lastKnownFileType = image.png; path = "tom jones cover image.png"; sourceTree = "<group>"; };
		D466EBF3163C860500BF7FDA /* two-on-a-tower.png */ = {isa = PBXFileReference; lastKnownFileType = image.png; path = "two-on-a-tower.png"; sourceTree = "<group>"; };
		D466EBF4163C860500BF7FDA /* war-of-the-worlds.png */ = {isa = PBXFileReference; lastKnownFileType = image.png; path = "war-of-the-worlds.png"; sourceTree = "<group>"; };
		D466EC34163C8DF000BF7FDA /* Decoration.png */ = {isa = PBXFileReference; lastKnownFileType = image.png; path = Decoration.png; sourceTree = "<group>"; };
		D466EC35163C8DF000BF7FDA /* Decoration@2x.png */ = {isa = PBXFileReference; lastKnownFileType = image.png; path = "Decoration@2x.png"; sourceTree = "<group>"; };
		D466EC38163D172C00BF7FDA /* greenFabric.png */ = {isa = PBXFileReference; lastKnownFileType = image.png; path = greenFabric.png; sourceTree = "<group>"; };
		D466EC3A163D184D00BF7FDA /* greenFabric@2x.png */ = {isa = PBXFileReference; lastKnownFileType = image.png; path = "greenFabric@2x.png"; sourceTree = "<group>"; };
		D466EC3C163D1CDC00BF7FDA /* icon.png */ = {isa = PBXFileReference; lastKnownFileType = image.png; path = icon.png; sourceTree = "<group>"; };
		D466EC3D163D1CDC00BF7FDA /* icon@2x.png */ = {isa = PBXFileReference; lastKnownFileType = image.png; path = "icon@2x.png"; sourceTree = "<group>"; };
		D466EC44163D1CFC00BF7FDA /* Default-Landscape@2x~ipad.png */ = {isa = PBXFileReference; lastKnownFileType = image.png; path = "Default-Landscape@2x~ipad.png"; sourceTree = "<group>"; };
		D466EC46163D1D0F00BF7FDA /* Default-Landscape~ipad.png */ = {isa = PBXFileReference; lastKnownFileType = image.png; path = "Default-Landscape~ipad.png"; sourceTree = "<group>"; };
		D466EC48163D42AB00BF7FDA /* text.html */ = {isa = PBXFileReference; fileEncoding = 4; lastKnownFileType = text.html; path = text.html; sourceTree = "<group>"; };
		D49CA580163BF595000EEF12 /* BookBird.app */ = {isa = PBXFileReference; explicitFileType = wrapper.application; includeInIndex = 0; path = BookBird.app; sourceTree = BUILT_PRODUCTS_DIR; };
		D49CA584163BF595000EEF12 /* UIKit.framework */ = {isa = PBXFileReference; lastKnownFileType = wrapper.framework; name = UIKit.framework; path = System/Library/Frameworks/UIKit.framework; sourceTree = SDKROOT; };
		D49CA586163BF595000EEF12 /* Foundation.framework */ = {isa = PBXFileReference; lastKnownFileType = wrapper.framework; name = Foundation.framework; path = System/Library/Frameworks/Foundation.framework; sourceTree = SDKROOT; };
		D49CA588163BF595000EEF12 /* CoreGraphics.framework */ = {isa = PBXFileReference; lastKnownFileType = wrapper.framework; name = CoreGraphics.framework; path = System/Library/Frameworks/CoreGraphics.framework; sourceTree = SDKROOT; };
		D49CA58C163BF595000EEF12 /* BookBird-Info.plist */ = {isa = PBXFileReference; lastKnownFileType = text.plist.xml; path = "BookBird-Info.plist"; sourceTree = "<group>"; };
		D49CA58E163BF595000EEF12 /* en */ = {isa = PBXFileReference; lastKnownFileType = text.plist.strings; name = en; path = en.lproj/InfoPlist.strings; sourceTree = "<group>"; };
		D49CA590163BF595000EEF12 /* main.m */ = {isa = PBXFileReference; lastKnownFileType = sourcecode.c.objc; path = main.m; sourceTree = "<group>"; };
		D49CA592163BF595000EEF12 /* BookBird-Prefix.pch */ = {isa = PBXFileReference; lastKnownFileType = sourcecode.c.h; path = "BookBird-Prefix.pch"; sourceTree = "<group>"; };
		D49CA593163BF595000EEF12 /* HKAppDelegate.h */ = {isa = PBXFileReference; lastKnownFileType = sourcecode.c.h; path = HKAppDelegate.h; sourceTree = "<group>"; };
		D49CA594163BF595000EEF12 /* HKAppDelegate.m */ = {isa = PBXFileReference; lastKnownFileType = sourcecode.c.objc; path = HKAppDelegate.m; sourceTree = "<group>"; };
		D49CA596163BF595000EEF12 /* Default.png */ = {isa = PBXFileReference; lastKnownFileType = image.png; path = Default.png; sourceTree = "<group>"; };
		D49CA598163BF595000EEF12 /* Default@2x.png */ = {isa = PBXFileReference; lastKnownFileType = image.png; path = "Default@2x.png"; sourceTree = "<group>"; };
		D49CA59A163BF595000EEF12 /* Default-568h@2x.png */ = {isa = PBXFileReference; lastKnownFileType = image.png; path = "Default-568h@2x.png"; sourceTree = "<group>"; };
		D49CA5B5163C0B85000EEF12 /* Constants.h */ = {isa = PBXFileReference; fileEncoding = 4; lastKnownFileType = sourcecode.c.h; path = Constants.h; sourceTree = "<group>"; };
/* End PBXFileReference section */

/* Begin PBXFrameworksBuildPhase section */
		D49CA57D163BF595000EEF12 /* Frameworks */ = {
			isa = PBXFrameworksBuildPhase;
			buildActionMask = 2147483647;
			files = (
				D49CA585163BF595000EEF12 /* UIKit.framework in Frameworks */,
				D49CA587163BF595000EEF12 /* Foundation.framework in Frameworks */,
				D49CA589163BF595000EEF12 /* CoreGraphics.framework in Frameworks */,
			);
			runOnlyForDeploymentPostprocessing = 0;
		};
/* End PBXFrameworksBuildPhase section */

/* Begin PBXGroup section */
		D466EBB6163C860500BF7FDA /* covers */ = {
			isa = PBXGroup;
			children = (
				D466EBB7163C860500BF7FDA /* 156565942time-machine.png */,
				D466EBB8163C860500BF7FDA /* 626823951humphry-clinker.png */,
				D466EBB9163C860500BF7FDA /* 902722694where-angels-fear-to-tread.png */,
				D466EBBA163C860500BF7FDA /* 9780141973746.png */,
				D466EBBB163C860500BF7FDA /* 9780141973753.png */,
				D466EBBC163C860500BF7FDA /* 9780141973760.png */,
				D466EBBD163C860500BF7FDA /* 9780141973777.png */,
				D466EBBE163C860500BF7FDA /* 9780141973784.png */,
				D466EBBF163C860500BF7FDA /* 9780141973791.png */,
				D466EBC0163C860500BF7FDA /* 9780141973807.png */,
				D466EBC1163C860500BF7FDA /* 9780141973838.png */,
				D466EBC2163C860500BF7FDA /* 9780141973845.png */,
				D466EBC3163C860500BF7FDA /* 9780141973852.png */,
				D466EBC4163C860500BF7FDA /* 9780141973869.png */,
				D466EBC5163C860500BF7FDA /* 9780141973876.png */,
				D466EBC6163C860500BF7FDA /* 9780141973883.png */,
				D466EBC7163C860500BF7FDA /* 9780141973890.png */,
				D466EBC8163C860500BF7FDA /* 9780141974187.png */,
				D466EBC9163C860500BF7FDA /* 9780141974194.png */,
				D466EBCA163C860500BF7FDA /* 9780141974217.png */,
				D466EBCB163C860500BF7FDA /* 9780141974286.png */,
				D466EBCC163C860500BF7FDA /* 9780141974323.png */,
				D466EBCD163C860500BF7FDA /* 9780141974330.png */,
				D466EBCE163C860500BF7FDA /* 9780141974354.png */,
				D466EBCF163C860500BF7FDA /* 9780141974378.png */,
				D466EBD0163C860500BF7FDA /* 9780141974385.png */,
				D466EBD1163C860500BF7FDA /* 9780141974408.png */,
				D466EBD2163C860500BF7FDA /* 9780141974422.png */,
				D466EBD3163C860500BF7FDA /* 9780141974439.png */,
				D466EBD4163C860500BF7FDA /* 9780141974446.png */,
				D466EBD5163C860500BF7FDA /* 9780141974460.png */,
				D466EBD6163C860500BF7FDA /* 9780141974484.png */,
				D466EBD7163C860500BF7FDA /* 9780141974491.png */,
				D466EBD8163C860500BF7FDA /* 9780141974507.png */,
				D466EBD9163C860500BF7FDA /* 9780141974514.png */,
				D466EBDA163C860500BF7FDA /* 9780141974521.png */,
				D466EBDB163C860500BF7FDA /* 9780141974538.png */,
				D466EBDC163C860500BF7FDA /* 9780141974545.png */,
				D466EBDD163C860500BF7FDA /* 9780141974552.png */,
				D466EBDE163C860500BF7FDA /* 9780141974569.png */,
				D466EBDF163C860500BF7FDA /* 9780141974576.png */,
				D466EBE0163C860500BF7FDA /* 9780141974583.png */,
				D466EBE1163C860500BF7FDA /* 9780141974590.png */,
				D466EBE2163C860500BF7FDA /* 9780141974606.png */,
				D466EBE3163C860500BF7FDA /* 9780141974613.png */,
				D466EBE4163C860500BF7FDA /* 9780141974620.png */,
				D466EBE5163C860500BF7FDA /* 9780141974651.png */,
				D466EBE6163C860500BF7FDA /* 9780141974668.png */,
				D466EBE7163C860500BF7FDA /* 9780141974699.png */,
				D466EBE8163C860500BF7FDA /* 9780141974705.png */,
				D466EBE9163C860500BF7FDA /* 9780141974712.png */,
				D466EBEA163C860500BF7FDA /* alice in wonderland cover image.png */,
				D466EBEB163C860500BF7FDA /* barnaby rudge cover image.png */,
				D466EBEC163C860500BF7FDA /* howards-end.png */,
				D466EBED163C860500BF7FDA /* lady-audleys-secret.png */,
				D466EBEE163C860500BF7FDA /* mary barton cover image.png */,
				D466EBEF163C860500BF7FDA /* persuasion.png */,
				D466EBF0163C860500BF7FDA /* The old curiosity shop cover image.png */,
				D466EBF1163C860500BF7FDA /* the-confidence-man.png */,
				D466EBF2163C860500BF7FDA /* tom jones cover image.png */,
				D466EBF3163C860500BF7FDA /* two-on-a-tower.png */,
				D466EBF4163C860500BF7FDA /* war-of-the-worlds.png */,
			);
			path = covers;
			sourceTree = "<group>";
		};
		D466EC33163C8DDF00BF7FDA /* Assets */ = {
			isa = PBXGroup;
			children = (
				D466EC48163D42AB00BF7FDA /* text.html */,
				D466EC44163D1CFC00BF7FDA /* Default-Landscape@2x~ipad.png */,
				D466EC46163D1D0F00BF7FDA /* Default-Landscape~ipad.png */,
				D466EC3C163D1CDC00BF7FDA /* icon.png */,
				D466EC3D163D1CDC00BF7FDA /* icon@2x.png */,
				D466EC3A163D184D00BF7FDA /* greenFabric@2x.png */,
				D466EC38163D172C00BF7FDA /* greenFabric.png */,
				D466EC34163C8DF000BF7FDA /* Decoration.png */,
				D466EC35163C8DF000BF7FDA /* Decoration@2x.png */,
			);
			name = Assets;
			sourceTree = "<group>";
		};
		D49CA575163BF595000EEF12 = {
			isa = PBXGroup;
			children = (
				D466EC33163C8DDF00BF7FDA /* Assets */,
				D466EBB6163C860500BF7FDA /* covers */,
				D49CA58A163BF595000EEF12 /* BookBird */,
				D49CA583163BF595000EEF12 /* Frameworks */,
				D49CA581163BF595000EEF12 /* Products */,
			);
			sourceTree = "<group>";
		};
		D49CA581163BF595000EEF12 /* Products */ = {
			isa = PBXGroup;
			children = (
				D49CA580163BF595000EEF12 /* BookBird.app */,
			);
			name = Products;
			sourceTree = "<group>";
		};
		D49CA583163BF595000EEF12 /* Frameworks */ = {
			isa = PBXGroup;
			children = (
				D49CA584163BF595000EEF12 /* UIKit.framework */,
				D49CA586163BF595000EEF12 /* Foundation.framework */,
				D49CA588163BF595000EEF12 /* CoreGraphics.framework */,
			);
			name = Frameworks;
			sourceTree = "<group>";
		};
		D49CA58A163BF595000EEF12 /* BookBird */ = {
			isa = PBXGroup;
			children = (
				C17F7A00163C62790091942D /* 2011-03-08 15.28.39.jpg */,
				D49CA5B5163C0B85000EEF12 /* Constants.h */,
				D49CA593163BF595000EEF12 /* HKAppDelegate.h */,
				D49CA594163BF595000EEF12 /* HKAppDelegate.m */,
				C17F79E5163C4F3F0091942D /* LibraryViewController.h */,
				C17F79E6163C4F3F0091942D /* LibraryViewController.m */,
				C17F79E7163C4F3F0091942D /* LibraryViewController.xib */,
				C17F79EE163C566B0091942D /* BookTOCViewController.h */,
				C17F79EF163C566B0091942D /* BookTOCViewController.m */,
				C17F79F0163C566B0091942D /* BookTOCViewController.xib */,
				C17F79F3163C56DD0091942D /* ReadingViewController.h */,
				C17F79F4163C56DD0091942D /* ReadingViewController.m */,
				C17F79F5163C56DD0091942D /* ReadingViewController.xib */,
				C1A2A983163D5781001E6219 /* AddEntryViewController.h */,
				C1A2A984163D5781001E6219 /* AddEntryViewController.m */,
				C1A2A985163D5781001E6219 /* AddEntryViewController.xib */,
				C17F79F8163C56F60091942D /* SummaryViewController.h */,
				C17F79F9163C56F70091942D /* SummaryViewController.m */,
				C17F79FA163C56F70091942D /* SummaryViewController.xib */,
				D49CA58B163BF595000EEF12 /* Supporting Files */,
			);
			path = BookBird;
			sourceTree = "<group>";
		};
		D49CA58B163BF595000EEF12 /* Supporting Files */ = {
			isa = PBXGroup;
			children = (
				D49CA58C163BF595000EEF12 /* BookBird-Info.plist */,
				D49CA58D163BF595000EEF12 /* InfoPlist.strings */,
				D49CA590163BF595000EEF12 /* main.m */,
				D49CA592163BF595000EEF12 /* BookBird-Prefix.pch */,
				D49CA596163BF595000EEF12 /* Default.png */,
				D49CA598163BF595000EEF12 /* Default@2x.png */,
				D49CA59A163BF595000EEF12 /* Default-568h@2x.png */,
			);
			name = "Supporting Files";
			sourceTree = "<group>";
		};
/* End PBXGroup section */

/* Begin PBXNativeTarget section */
		D49CA57F163BF595000EEF12 /* BookBird */ = {
			isa = PBXNativeTarget;
			buildConfigurationList = D49CA5B2163BF596000EEF12 /* Build configuration list for PBXNativeTarget "BookBird" */;
			buildPhases = (
				D49CA57C163BF595000EEF12 /* Sources */,
				D49CA57D163BF595000EEF12 /* Frameworks */,
				D49CA57E163BF595000EEF12 /* Resources */,
			);
			buildRules = (
			);
			dependencies = (
			);
			name = BookBird;
			productName = BookBird;
			productReference = D49CA580163BF595000EEF12 /* BookBird.app */;
			productType = "com.apple.product-type.application";
		};
/* End PBXNativeTarget section */

/* Begin PBXProject section */
		D49CA577163BF595000EEF12 /* Project object */ = {
			isa = PBXProject;
			attributes = {
				CLASSPREFIX = HK;
				LastUpgradeCheck = 0450;
				ORGANIZATIONNAME = HackingWithRobAndSally;
			};
			buildConfigurationList = D49CA57A163BF595000EEF12 /* Build configuration list for PBXProject "BookBird" */;
			compatibilityVersion = "Xcode 3.2";
			developmentRegion = English;
			hasScannedForEncodings = 0;
			knownRegions = (
				en,
			);
			mainGroup = D49CA575163BF595000EEF12;
			productRefGroup = D49CA581163BF595000EEF12 /* Products */;
			projectDirPath = "";
			projectRoot = "";
			targets = (
				D49CA57F163BF595000EEF12 /* BookBird */,
			);
		};
/* End PBXProject section */

/* Begin PBXResourcesBuildPhase section */
		D49CA57E163BF595000EEF12 /* Resources */ = {
			isa = PBXResourcesBuildPhase;
			buildActionMask = 2147483647;
			files = (
				D49CA58F163BF595000EEF12 /* InfoPlist.strings in Resources */,
				D49CA597163BF595000EEF12 /* Default.png in Resources */,
				D49CA599163BF595000EEF12 /* Default@2x.png in Resources */,
				D49CA59B163BF595000EEF12 /* Default-568h@2x.png in Resources */,
				C17F79E9163C4F3F0091942D /* LibraryViewController.xib in Resources */,
				C17F79F2163C566B0091942D /* BookTOCViewController.xib in Resources */,
				C17F79F7163C56DD0091942D /* ReadingViewController.xib in Resources */,
				C17F79FC163C56F70091942D /* SummaryViewController.xib in Resources */,
				C17F7A01163C62790091942D /* 2011-03-08 15.28.39.jpg in Resources */,
				D466EBF5163C860500BF7FDA /* 156565942time-machine.png in Resources */,
				D466EBF6163C860500BF7FDA /* 626823951humphry-clinker.png in Resources */,
				D466EBF7163C860500BF7FDA /* 902722694where-angels-fear-to-tread.png in Resources */,
				D466EBF8163C860500BF7FDA /* 9780141973746.png in Resources */,
				D466EBF9163C860500BF7FDA /* 9780141973753.png in Resources */,
				D466EBFA163C860500BF7FDA /* 9780141973760.png in Resources */,
				D466EBFB163C860500BF7FDA /* 9780141973777.png in Resources */,
				D466EBFC163C860500BF7FDA /* 9780141973784.png in Resources */,
				D466EBFD163C860500BF7FDA /* 9780141973791.png in Resources */,
				D466EBFE163C860500BF7FDA /* 9780141973807.png in Resources */,
				D466EBFF163C860500BF7FDA /* 9780141973838.png in Resources */,
				D466EC00163C860500BF7FDA /* 9780141973845.png in Resources */,
				D466EC01163C860500BF7FDA /* 9780141973852.png in Resources */,
				D466EC02163C860500BF7FDA /* 9780141973869.png in Resources */,
				D466EC03163C860500BF7FDA /* 9780141973876.png in Resources */,
				D466EC04163C860500BF7FDA /* 9780141973883.png in Resources */,
				D466EC05163C860500BF7FDA /* 9780141973890.png in Resources */,
				D466EC06163C860500BF7FDA /* 9780141974187.png in Resources */,
				D466EC07163C860500BF7FDA /* 9780141974194.png in Resources */,
				D466EC08163C860500BF7FDA /* 9780141974217.png in Resources */,
				D466EC09163C860500BF7FDA /* 9780141974286.png in Resources */,
				D466EC0A163C860500BF7FDA /* 9780141974323.png in Resources */,
				D466EC0B163C860500BF7FDA /* 9780141974330.png in Resources */,
				D466EC0C163C860500BF7FDA /* 9780141974354.png in Resources */,
				D466EC0D163C860500BF7FDA /* 9780141974378.png in Resources */,
				D466EC0E163C860500BF7FDA /* 9780141974385.png in Resources */,
				D466EC0F163C860500BF7FDA /* 9780141974408.png in Resources */,
				D466EC10163C860500BF7FDA /* 9780141974422.png in Resources */,
				D466EC11163C860500BF7FDA /* 9780141974439.png in Resources */,
				D466EC12163C860500BF7FDA /* 9780141974446.png in Resources */,
				D466EC13163C860500BF7FDA /* 9780141974460.png in Resources */,
				D466EC14163C860500BF7FDA /* 9780141974484.png in Resources */,
				D466EC15163C860500BF7FDA /* 9780141974491.png in Resources */,
				D466EC16163C860500BF7FDA /* 9780141974507.png in Resources */,
				D466EC17163C860500BF7FDA /* 9780141974514.png in Resources */,
				D466EC18163C860500BF7FDA /* 9780141974521.png in Resources */,
				D466EC19163C860500BF7FDA /* 9780141974538.png in Resources */,
				D466EC1A163C860500BF7FDA /* 9780141974545.png in Resources */,
				D466EC1B163C860500BF7FDA /* 9780141974552.png in Resources */,
				D466EC1C163C860500BF7FDA /* 9780141974569.png in Resources */,
				D466EC1D163C860500BF7FDA /* 9780141974576.png in Resources */,
				D466EC1E163C860500BF7FDA /* 9780141974583.png in Resources */,
				D466EC1F163C860500BF7FDA /* 9780141974590.png in Resources */,
				D466EC20163C860500BF7FDA /* 9780141974606.png in Resources */,
				D466EC21163C860500BF7FDA /* 9780141974613.png in Resources */,
				D466EC22163C860500BF7FDA /* 9780141974620.png in Resources */,
				D466EC23163C860500BF7FDA /* 9780141974651.png in Resources */,
				D466EC24163C860500BF7FDA /* 9780141974668.png in Resources */,
				D466EC25163C860500BF7FDA /* 9780141974699.png in Resources */,
				D466EC26163C860500BF7FDA /* 9780141974705.png in Resources */,
				D466EC27163C860500BF7FDA /* 9780141974712.png in Resources */,
				D466EC28163C860500BF7FDA /* alice in wonderland cover image.png in Resources */,
				D466EC29163C860500BF7FDA /* barnaby rudge cover image.png in Resources */,
				D466EC2A163C860500BF7FDA /* howards-end.png in Resources */,
				D466EC2B163C860500BF7FDA /* lady-audleys-secret.png in Resources */,
				D466EC2C163C860500BF7FDA /* mary barton cover image.png in Resources */,
				D466EC2D163C860500BF7FDA /* persuasion.png in Resources */,
				D466EC2E163C860500BF7FDA /* The old curiosity shop cover image.png in Resources */,
				D466EC2F163C860500BF7FDA /* the-confidence-man.png in Resources */,
				D466EC30163C860500BF7FDA /* tom jones cover image.png in Resources */,
				D466EC31163C860500BF7FDA /* two-on-a-tower.png in Resources */,
				D466EC32163C860500BF7FDA /* war-of-the-worlds.png in Resources */,
				D466EC36163C8DF000BF7FDA /* Decoration.png in Resources */,
				D466EC37163C8DF000BF7FDA /* Decoration@2x.png in Resources */,
				D466EC39163D172C00BF7FDA /* greenFabric.png in Resources */,
				D466EC3B163D184D00BF7FDA /* greenFabric@2x.png in Resources */,
				D466EC40163D1CDC00BF7FDA /* icon.png in Resources */,
				D466EC41163D1CDC00BF7FDA /* icon@2x.png in Resources */,
				D466EC45163D1CFC00BF7FDA /* Default-Landscape@2x~ipad.png in Resources */,
				D466EC47163D1D0F00BF7FDA /* Default-Landscape~ipad.png in Resources */,
				D466EC49163D42AB00BF7FDA /* text.html in Resources */,
				C1A2A987163D5781001E6219 /* AddEntryViewController.xib in Resources */,
			);
			runOnlyForDeploymentPostprocessing = 0;
		};
/* End PBXResourcesBuildPhase section */

/* Begin PBXSourcesBuildPhase section */
		D49CA57C163BF595000EEF12 /* Sources */ = {
			isa = PBXSourcesBuildPhase;
			buildActionMask = 2147483647;
			files = (
				D49CA591163BF595000EEF12 /* main.m in Sources */,
				D49CA595163BF595000EEF12 /* HKAppDelegate.m in Sources */,
				C17F79E8163C4F3F0091942D /* LibraryViewController.m in Sources */,
				C17F79F1163C566B0091942D /* BookTOCViewController.m in Sources */,
				C17F79F6163C56DD0091942D /* ReadingViewController.m in Sources */,
				C17F79FB163C56F70091942D /* SummaryViewController.m in Sources */,
				C1A2A986163D5781001E6219 /* AddEntryViewController.m in Sources */,
			);
			runOnlyForDeploymentPostprocessing = 0;
		};
/* End PBXSourcesBuildPhase section */

/* Begin PBXVariantGroup section */
		D49CA58D163BF595000EEF12 /* InfoPlist.strings */ = {
			isa = PBXVariantGroup;
			children = (
				D49CA58E163BF595000EEF12 /* en */,
			);
			name = InfoPlist.strings;
			sourceTree = "<group>";
		};
/* End PBXVariantGroup section */

/* Begin XCBuildConfiguration section */
		D49CA5B0163BF596000EEF12 /* Debug */ = {
			isa = XCBuildConfiguration;
			buildSettings = {
				ALWAYS_SEARCH_USER_PATHS = NO;
				CLANG_CXX_LANGUAGE_STANDARD = "gnu++0x";
				CLANG_CXX_LIBRARY = "libc++";
				CLANG_ENABLE_OBJC_ARC = YES;
				CLANG_WARN_EMPTY_BODY = YES;
				CLANG_WARN__DUPLICATE_METHOD_MATCH = YES;
				"CODE_SIGN_IDENTITY[sdk=iphoneos*]" = "iPhone Developer";
				COPY_PHASE_STRIP = NO;
				GCC_C_LANGUAGE_STANDARD = gnu99;
				GCC_DYNAMIC_NO_PIC = NO;
				GCC_OPTIMIZATION_LEVEL = 0;
				GCC_PREPROCESSOR_DEFINITIONS = (
					"DEBUG=1",
					"$(inherited)",
				);
				GCC_SYMBOLS_PRIVATE_EXTERN = NO;
				GCC_WARN_ABOUT_RETURN_TYPE = YES;
				GCC_WARN_UNINITIALIZED_AUTOS = YES;
				GCC_WARN_UNUSED_VARIABLE = YES;
				IPHONEOS_DEPLOYMENT_TARGET = 6.0;
				ONLY_ACTIVE_ARCH = YES;
				SDKROOT = iphoneos;
				TARGETED_DEVICE_FAMILY = 2;
			};
			name = Debug;
		};
		D49CA5B1163BF596000EEF12 /* Release */ = {
			isa = XCBuildConfiguration;
			buildSettings = {
				ALWAYS_SEARCH_USER_PATHS = NO;
				CLANG_CXX_LANGUAGE_STANDARD = "gnu++0x";
				CLANG_CXX_LIBRARY = "libc++";
				CLANG_ENABLE_OBJC_ARC = YES;
				CLANG_WARN_EMPTY_BODY = YES;
				CLANG_WARN__DUPLICATE_METHOD_MATCH = YES;
				"CODE_SIGN_IDENTITY[sdk=iphoneos*]" = "iPhone Developer";
				COPY_PHASE_STRIP = YES;
				GCC_C_LANGUAGE_STANDARD = gnu99;
				GCC_WARN_ABOUT_RETURN_TYPE = YES;
				GCC_WARN_UNINITIALIZED_AUTOS = YES;
				GCC_WARN_UNUSED_VARIABLE = YES;
				IPHONEOS_DEPLOYMENT_TARGET = 6.0;
				OTHER_CFLAGS = "-DNS_BLOCK_ASSERTIONS=1";
				SDKROOT = iphoneos;
				TARGETED_DEVICE_FAMILY = 2;
				VALIDATE_PRODUCT = YES;
			};
			name = Release;
		};
		D49CA5B3163BF596000EEF12 /* Debug */ = {
			isa = XCBuildConfiguration;
			buildSettings = {
				GCC_PRECOMPILE_PREFIX_HEADER = YES;
				GCC_PREFIX_HEADER = "BookBird/BookBird-Prefix.pch";
				INFOPLIST_FILE = "BookBird/BookBird-Info.plist";
				PRODUCT_NAME = "$(TARGET_NAME)";
				WRAPPER_EXTENSION = app;
			};
			name = Debug;
		};
		D49CA5B4163BF596000EEF12 /* Release */ = {
			isa = XCBuildConfiguration;
			buildSettings = {
				GCC_PRECOMPILE_PREFIX_HEADER = YES;
				GCC_PREFIX_HEADER = "BookBird/BookBird-Prefix.pch";
				INFOPLIST_FILE = "BookBird/BookBird-Info.plist";
				PRODUCT_NAME = "$(TARGET_NAME)";
				WRAPPER_EXTENSION = app;
			};
			name = Release;
		};
/* End XCBuildConfiguration section */

/* Begin XCConfigurationList section */
		D49CA57A163BF595000EEF12 /* Build configuration list for PBXProject "BookBird" */ = {
			isa = XCConfigurationList;
			buildConfigurations = (
				D49CA5B0163BF596000EEF12 /* Debug */,
				D49CA5B1163BF596000EEF12 /* Release */,
			);
			defaultConfigurationIsVisible = 0;
			defaultConfigurationName = Release;
		};
		D49CA5B2163BF596000EEF12 /* Build configuration list for PBXNativeTarget "BookBird" */ = {
			isa = XCConfigurationList;
			buildConfigurations = (
				D49CA5B3163BF596000EEF12 /* Debug */,
				D49CA5B4163BF596000EEF12 /* Release */,
			);
			defaultConfigurationIsVisible = 0;
			defaultConfigurationName = Release;
		};
/* End XCConfigurationList section */
	};
	rootObject = D49CA577163BF595000EEF12 /* Project object */;
}
